
Microsoft Visual Studio Solution File, Format Version 12.00
# Visual Studio Version 17
VisualStudioVersion = 17.1.32210.238
MinimumVisualStudioVersion = 10.0.40219.1
Project("{FAE04EC0-301F-11D3-BF4B-00C04F79EFBC}") = "XMLLinq-laksi", "XMLLinq-laksi\XMLLinq-laksi.csproj", "{4A7BE35B-F940-43A9-A8C0-1DE198A65784}"
EndProject
Global
	GlobalSection(SolutionConfigurationPlatforms) = preSolution
		Debug|Any CPU = Debug|Any CPU
		Release|Any CPU = Release|Any CPU
	EndGlobalSection
	GlobalSection(ProjectConfigurationPlatforms) = postSolution
		{4A7BE35B-F940-43A9-A8C0-1DE198A65784}.Debug|Any CPU.ActiveCfg = Debug|Any CPU
		{4A7BE35B-F940-43A9-A8C0-1DE198A65784}.Debug|Any CPU.Build.0 = Debug|Any CPU
		{4A7BE35B-F940-43A9-A8C0-1DE198A65784}.Release|Any CPU.ActiveCfg = Release|Any CPU
		{4A7BE35B-F940-43A9-A8C0-1DE198A65784}.Release|Any CPU.Build.0 = Release|Any CPU
	EndGlobalSection
	GlobalSection(SolutionProperties) = preSolution
		HideSolutionNode = FALSE
	EndGlobalSection
	GlobalSection(ExtensibilityGlobals) = postSolution
		SolutionGuid = {A9FC4527-EEA2-4617-B9CF-8B0300A79B9D}
	EndGlobalSection
EndGlobal
